
Microsoft Visual Studio Solution File, Format Version 12.00
# Visual Studio Version 16
VisualStudioVersion = 16.0.31702.278
MinimumVisualStudioVersion = 10.0.40219.1
Project("{FAE04EC0-301F-11D3-BF4B-00C04F79EFBC}") = "DetonaRalph_CRUD", "DetonaRalph_CRUD\DetonaRalph_CRUD.csproj", "{EC831F20-0380-4C2B-87D8-317FF3010BCF}"
EndProject
Global
	GlobalSection(SolutionConfigurationPlatforms) = preSolution
		Debug|Any CPU = Debug|Any CPU
		Release|Any CPU = Release|Any CPU
	EndGlobalSection
	GlobalSection(ProjectConfigurationPlatforms) = postSolution
		{EC831F20-0380-4C2B-87D8-317FF3010BCF}.Debug|Any CPU.ActiveCfg = Debug|Any CPU
		{EC831F20-0380-4C2B-87D8-317FF3010BCF}.Debug|Any CPU.Build.0 = Debug|Any CPU
		{EC831F20-0380-4C2B-87D8-317FF3010BCF}.Release|Any CPU.ActiveCfg = Release|Any CPU
		{EC831F20-0380-4C2B-87D8-317FF3010BCF}.Release|Any CPU.Build.0 = Release|Any CPU
	EndGlobalSection
	GlobalSection(SolutionProperties) = preSolution
		HideSolutionNode = FALSE
	EndGlobalSection
	GlobalSection(ExtensibilityGlobals) = postSolution
		SolutionGuid = {65E3F7FE-718C-4672-A026-783AFFE76BDA}
	EndGlobalSection
EndGlobal
